// !$*UTF8*$!
{
	archiveVersion = 1;
	classes = {
	};
	objectVersion = 50;
	objects = {

/* Begin PBXBuildFile section */
		B95E7C5F2660E5D500DBD261 /* AppDelegate.swift in Sources */ = {isa = PBXBuildFile; fileRef = B95E7C5E2660E5D500DBD261 /* AppDelegate.swift */; };
		B95E7C612660E5D500DBD261 /* SceneDelegate.swift in Sources */ = {isa = PBXBuildFile; fileRef = B95E7C602660E5D500DBD261 /* SceneDelegate.swift */; };
		B95E7C632660E5D500DBD261 /* ViewController.swift in Sources */ = {isa = PBXBuildFile; fileRef = B95E7C622660E5D500DBD261 /* ViewController.swift */; };
		B95E7C662660E5D500DBD261 /* Main.storyboard in Resources */ = {isa = PBXBuildFile; fileRef = B95E7C642660E5D500DBD261 /* Main.storyboard */; };
		B95E7C692660E5D500DBD261 /* TheMapleTimes.xcdatamodeld in Sources */ = {isa = PBXBuildFile; fileRef = B95E7C672660E5D500DBD261 /* TheMapleTimes.xcdatamodeld */; };
		B95E7C6B2660E5D800DBD261 /* Assets.xcassets in Resources */ = {isa = PBXBuildFile; fileRef = B95E7C6A2660E5D800DBD261 /* Assets.xcassets */; };
		B95E7C6E2660E5D800DBD261 /* LaunchScreen.storyboard in Resources */ = {isa = PBXBuildFile; fileRef = B95E7C6C2660E5D800DBD261 /* LaunchScreen.storyboard */; };
		B95E7C792660E5D800DBD261 /* TheMapleTimesTests.swift in Sources */ = {isa = PBXBuildFile; fileRef = B95E7C782660E5D800DBD261 /* TheMapleTimesTests.swift */; };
		B95E7C842660E5D800DBD261 /* TheMapleTimesUITests.swift in Sources */ = {isa = PBXBuildFile; fileRef = B95E7C832660E5D800DBD261 /* TheMapleTimesUITests.swift */; };
/* End PBXBuildFile section */

/* Begin PBXContainerItemProxy section */
		B95E7C752660E5D800DBD261 /* PBXContainerItemProxy */ = {
			isa = PBXContainerItemProxy;
			containerPortal = B95E7C532660E5D500DBD261 /* Project object */;
			proxyType = 1;
			remoteGlobalIDString = B95E7C5A2660E5D500DBD261;
			remoteInfo = TheMapleTimes;
		};
		B95E7C802660E5D800DBD261 /* PBXContainerItemProxy */ = {
			isa = PBXContainerItemProxy;
			containerPortal = B95E7C532660E5D500DBD261 /* Project object */;
			proxyType = 1;
			remoteGlobalIDString = B95E7C5A2660E5D500DBD261;
			remoteInfo = TheMapleTimes;
		};
/* End PBXContainerItemProxy section */

/* Begin PBXFileReference section */
		B95E7C5B2660E5D500DBD261 /* TheMapleTimes.app */ = {isa = PBXFileReference; explicitFileType = wrapper.application; includeInIndex = 0; path = TheMapleTimes.app; sourceTree = BUILT_PRODUCTS_DIR; };
		B95E7C5E2660E5D500DBD261 /* AppDelegate.swift */ = {isa = PBXFileReference; lastKnownFileType = sourcecode.swift; path = AppDelegate.swift; sourceTree = "<group>"; };
		B95E7C602660E5D500DBD261 /* SceneDelegate.swift */ = {isa = PBXFileReference; lastKnownFileType = sourcecode.swift; path = SceneDelegate.swift; sourceTree = "<group>"; };
		B95E7C622660E5D500DBD261 /* ViewController.swift */ = {isa = PBXFileReference; lastKnownFileType = sourcecode.swift; path = ViewController.swift; sourceTree = "<group>"; };
		B95E7C652660E5D500DBD261 /* Base */ = {isa = PBXFileReference; lastKnownFileType = file.storyboard; name = Base; path = Base.lproj/Main.storyboard; sourceTree = "<group>"; };
		B95E7C682660E5D500DBD261 /* TheMapleTimes.xcdatamodel */ = {isa = PBXFileReference; lastKnownFileType = wrapper.xcdatamodel; path = TheMapleTimes.xcdatamodel; sourceTree = "<group>"; };
		B95E7C6A2660E5D800DBD261 /* Assets.xcassets */ = {isa = PBXFileReference; lastKnownFileType = folder.assetcatalog; path = Assets.xcassets; sourceTree = "<group>"; };
		B95E7C6D2660E5D800DBD261 /* Base */ = {isa = PBXFileReference; lastKnownFileType = file.storyboard; name = Base; path = Base.lproj/LaunchScreen.storyboard; sourceTree = "<group>"; };
		B95E7C6F2660E5D800DBD261 /* Info.plist */ = {isa = PBXFileReference; lastKnownFileType = text.plist.xml; path = Info.plist; sourceTree = "<group>"; };
		B95E7C742660E5D800DBD261 /* TheMapleTimesTests.xctest */ = {isa = PBXFileReference; explicitFileType = wrapper.cfbundle; includeInIndex = 0; path = TheMapleTimesTests.xctest; sourceTree = BUILT_PRODUCTS_DIR; };
		B95E7C782660E5D800DBD261 /* TheMapleTimesTests.swift */ = {isa = PBXFileReference; lastKnownFileType = sourcecode.swift; path = TheMapleTimesTests.swift; sourceTree = "<group>"; };
		B95E7C7A2660E5D800DBD261 /* Info.plist */ = {isa = PBXFileReference; lastKnownFileType = text.plist.xml; path = Info.plist; sourceTree = "<group>"; };
		B95E7C7F2660E5D800DBD261 /* TheMapleTimesUITests.xctest */ = {isa = PBXFileReference; explicitFileType = wrapper.cfbundle; includeInIndex = 0; path = TheMapleTimesUITests.xctest; sourceTree = BUILT_PRODUCTS_DIR; };
		B95E7C832660E5D800DBD261 /* TheMapleTimesUITests.swift */ = {isa = PBXFileReference; lastKnownFileType = sourcecode.swift; path = TheMapleTimesUITests.swift; sourceTree = "<group>"; };
		B95E7C852660E5D800DBD261 /* Info.plist */ = {isa = PBXFileReference; lastKnownFileType = text.plist.xml; path = Info.plist; sourceTree = "<group>"; };
/* End PBXFileReference section */

/* Begin PBXFrameworksBuildPhase section */
		B95E7C582660E5D500DBD261 /* Frameworks */ = {
			isa = PBXFrameworksBuildPhase;
			buildActionMask = 2147483647;
			files = (
			);
			runOnlyForDeploymentPostprocessing = 0;
		};
		B95E7C712660E5D800DBD261 /* Frameworks */ = {
			isa = PBXFrameworksBuildPhase;
			buildActionMask = 2147483647;
			files = (
			);
			runOnlyForDeploymentPostprocessing = 0;
		};
		B95E7C7C2660E5D800DBD261 /* Frameworks */ = {
			isa = PBXFrameworksBuildPhase;
			buildActionMask = 2147483647;
			files = (
			);
			runOnlyForDeploymentPostprocessing = 0;
		};
/* End PBXFrameworksBuildPhase section */

/* Begin PBXGroup section */
		B95E7C522660E5D500DBD261 = {
			isa = PBXGroup;
			children = (
				B95E7C5D2660E5D500DBD261 /* TheMapleTimes */,
				B95E7C772660E5D800DBD261 /* TheMapleTimesTests */,
				B95E7C822660E5D800DBD261 /* TheMapleTimesUITests */,
				B95E7C5C2660E5D500DBD261 /* Products */,
			);
			sourceTree = "<group>";
		};
		B95E7C5C2660E5D500DBD261 /* Products */ = {
			isa = PBXGroup;
			children = (
				B95E7C5B2660E5D500DBD261 /* TheMapleTimes.app */,
				B95E7C742660E5D800DBD261 /* TheMapleTimesTests.xctest */,
				B95E7C7F2660E5D800DBD261 /* TheMapleTimesUITests.xctest */,
			);
			name = Products;
			sourceTree = "<group>";
		};
		B95E7C5D2660E5D500DBD261 /* TheMapleTimes */ = {
			isa = PBXGroup;
			children = (
				B95E7C5E2660E5D500DBD261 /* AppDelegate.swift */,
				B95E7C602660E5D500DBD261 /* SceneDelegate.swift */,
				B95E7C622660E5D500DBD261 /* ViewController.swift */,
				B95E7C642660E5D500DBD261 /* Main.storyboard */,
				B95E7C6A2660E5D800DBD261 /* Assets.xcassets */,
				B95E7C6C2660E5D800DBD261 /* LaunchScreen.storyboard */,
				B95E7C6F2660E5D800DBD261 /* Info.plist */,
				B95E7C672660E5D500DBD261 /* TheMapleTimes.xcdatamodeld */,
			);
			path = TheMapleTimes;
			sourceTree = "<group>";
		};
		B95E7C772660E5D800DBD261 /* TheMapleTimesTests */ = {
			isa = PBXGroup;
			children = (
				B95E7C782660E5D800DBD261 /* TheMapleTimesTests.swift */,
				B95E7C7A2660E5D800DBD261 /* Info.plist */,
			);
			path = TheMapleTimesTests;
			sourceTree = "<group>";
		};
		B95E7C822660E5D800DBD261 /* TheMapleTimesUITests */ = {
			isa = PBXGroup;
			children = (
				B95E7C832660E5D800DBD261 /* TheMapleTimesUITests.swift */,
				B95E7C852660E5D800DBD261 /* Info.plist */,
			);
			path = TheMapleTimesUITests;
			sourceTree = "<group>";
		};
/* End PBXGroup section */

/* Begin PBXNativeTarget section */
		B95E7C5A2660E5D500DBD261 /* TheMapleTimes */ = {
			isa = PBXNativeTarget;
			buildConfigurationList = B95E7C882660E5D900DBD261 /* Build configuration list for PBXNativeTarget "TheMapleTimes" */;
			buildPhases = (
				B95E7C572660E5D500DBD261 /* Sources */,
				B95E7C582660E5D500DBD261 /* Frameworks */,
				B95E7C592660E5D500DBD261 /* Resources */,
			);
			buildRules = (
			);
			dependencies = (
			);
			name = TheMapleTimes;
			productName = TheMapleTimes;
			productReference = B95E7C5B2660E5D500DBD261 /* TheMapleTimes.app */;
			productType = "com.apple.product-type.application";
		};
		B95E7C732660E5D800DBD261 /* TheMapleTimesTests */ = {
			isa = PBXNativeTarget;
			buildConfigurationList = B95E7C8B2660E5D900DBD261 /* Build configuration list for PBXNativeTarget "TheMapleTimesTests" */;
			buildPhases = (
				B95E7C702660E5D800DBD261 /* Sources */,
				B95E7C712660E5D800DBD261 /* Frameworks */,
				B95E7C722660E5D800DBD261 /* Resources */,
			);
			buildRules = (
			);
			dependencies = (
				B95E7C762660E5D800DBD261 /* PBXTargetDependency */,
			);
			name = TheMapleTimesTests;
			productName = TheMapleTimesTests;
			productReference = B95E7C742660E5D800DBD261 /* TheMapleTimesTests.xctest */;
			productType = "com.apple.product-type.bundle.unit-test";
		};
		B95E7C7E2660E5D800DBD261 /* TheMapleTimesUITests */ = {
			isa = PBXNativeTarget;
			buildConfigurationList = B95E7C8E2660E5D900DBD261 /* Build configuration list for PBXNativeTarget "TheMapleTimesUITests" */;
			buildPhases = (
				B95E7C7B2660E5D800DBD261 /* Sources */,
				B95E7C7C2660E5D800DBD261 /* Frameworks */,
				B95E7C7D2660E5D800DBD261 /* Resources */,
			);
			buildRules = (
			);
			dependencies = (
				B95E7C812660E5D800DBD261 /* PBXTargetDependency */,
			);
			name = TheMapleTimesUITests;
			productName = TheMapleTimesUITests;
			productReference = B95E7C7F2660E5D800DBD261 /* TheMapleTimesUITests.xctest */;
			productType = "com.apple.product-type.bundle.ui-testing";
		};
/* End PBXNativeTarget section */

/* Begin PBXProject section */
		B95E7C532660E5D500DBD261 /* Project object */ = {
			isa = PBXProject;
			attributes = {
				LastSwiftUpdateCheck = 1200;
				LastUpgradeCheck = 1200;
				TargetAttributes = {
					B95E7C5A2660E5D500DBD261 = {
						CreatedOnToolsVersion = 12.0;
					};
					B95E7C732660E5D800DBD261 = {
						CreatedOnToolsVersion = 12.0;
						TestTargetID = B95E7C5A2660E5D500DBD261;
					};
					B95E7C7E2660E5D800DBD261 = {
						CreatedOnToolsVersion = 12.0;
						TestTargetID = B95E7C5A2660E5D500DBD261;
					};
				};
			};
			buildConfigurationList = B95E7C562660E5D500DBD261 /* Build configuration list for PBXProject "TheMapleTimes" */;
			compatibilityVersion = "Xcode 9.3";
			developmentRegion = en;
			hasScannedForEncodings = 0;
			knownRegions = (
				en,
				Base,
			);
			mainGroup = B95E7C522660E5D500DBD261;
			productRefGroup = B95E7C5C2660E5D500DBD261 /* Products */;
			projectDirPath = "";
			projectRoot = "";
			targets = (
				B95E7C5A2660E5D500DBD261 /* TheMapleTimes */,
				B95E7C732660E5D800DBD261 /* TheMapleTimesTests */,
				B95E7C7E2660E5D800DBD261 /* TheMapleTimesUITests */,
			);
		};
/* End PBXProject section */

/* Begin PBXResourcesBuildPhase section */
		B95E7C592660E5D500DBD261 /* Resources */ = {
			isa = PBXResourcesBuildPhase;
			buildActionMask = 2147483647;
			files = (
				B95E7C6E2660E5D800DBD261 /* LaunchScreen.storyboard in Resources */,
				B95E7C6B2660E5D800DBD261 /* Assets.xcassets in Resources */,
				B95E7C662660E5D500DBD261 /* Main.storyboard in Resources */,
			);
			runOnlyForDeploymentPostprocessing = 0;
		};
		B95E7C722660E5D800DBD261 /* Resources */ = {
			isa = PBXResourcesBuildPhase;
			buildActionMask = 2147483647;
			files = (
			);
			runOnlyForDeploymentPostprocessing = 0;
		};
		B95E7C7D2660E5D800DBD261 /* Resources */ = {
			isa = PBXResourcesBuildPhase;
			buildActionMask = 2147483647;
			files = (
			);
			runOnlyForDeploymentPostprocessing = 0;
		};
/* End PBXResourcesBuildPhase section */

/* Begin PBXSourcesBuildPhase section */
		B95E7C572660E5D500DBD261 /* Sources */ = {
			isa = PBXSourcesBuildPhase;
			buildActionMask = 2147483647;
			files = (
				B95E7C692660E5D500DBD261 /* TheMapleTimes.xcdatamodeld in Sources */,
				B95E7C632660E5D500DBD261 /* ViewController.swift in Sources */,
				B95E7C5F2660E5D500DBD261 /* AppDelegate.swift in Sources */,
				B95E7C612660E5D500DBD261 /* SceneDelegate.swift in Sources */,
			);
			runOnlyForDeploymentPostprocessing = 0;
		};
		B95E7C702660E5D800DBD261 /* Sources */ = {
			isa = PBXSourcesBuildPhase;
			buildActionMask = 2147483647;
			files = (
				B95E7C792660E5D800DBD261 /* TheMapleTimesTests.swift in Sources */,
			);
			runOnlyForDeploymentPostprocessing = 0;
		};
		B95E7C7B2660E5D800DBD261 /* Sources */ = {
			isa = PBXSourcesBuildPhase;
			buildActionMask = 2147483647;
			files = (
				B95E7C842660E5D800DBD261 /* TheMapleTimesUITests.swift in Sources */,
			);
			runOnlyForDeploymentPostprocessing = 0;
		};
/* End PBXSourcesBuildPhase section */

/* Begin PBXTargetDependency section */
		B95E7C762660E5D800DBD261 /* PBXTargetDependency */ = {
			isa = PBXTargetDependency;
			target = B95E7C5A2660E5D500DBD261 /* TheMapleTimes */;
			targetProxy = B95E7C752660E5D800DBD261 /* PBXContainerItemProxy */;
		};
		B95E7C812660E5D800DBD261 /* PBXTargetDependency */ = {
			isa = PBXTargetDependency;
			target = B95E7C5A2660E5D500DBD261 /* TheMapleTimes */;
			targetProxy = B95E7C802660E5D800DBD261 /* PBXContainerItemProxy */;
		};
/* End PBXTargetDependency section */

/* Begin PBXVariantGroup section */
		B95E7C642660E5D500DBD261 /* Main.storyboard */ = {
			isa = PBXVariantGroup;
			children = (
				B95E7C652660E5D500DBD261 /* Base */,
			);
			name = Main.storyboard;
			sourceTree = "<group>";
		};
		B95E7C6C2660E5D800DBD261 /* LaunchScreen.storyboard */ = {
			isa = PBXVariantGroup;
			children = (
				B95E7C6D2660E5D800DBD261 /* Base */,
			);
			name = LaunchScreen.storyboard;
			sourceTree = "<group>";
		};
/* End PBXVariantGroup section */

/* Begin XCBuildConfiguration section */
		B95E7C862660E5D900DBD261 /* Debug */ = {
			isa = XCBuildConfiguration;
			buildSettings = {
				ALWAYS_SEARCH_USER_PATHS = NO;
				CLANG_ANALYZER_NONNULL = YES;
				CLANG_ANALYZER_NUMBER_OBJECT_CONVERSION = YES_AGGRESSIVE;
				CLANG_CXX_LANGUAGE_STANDARD = "gnu++14";
				CLANG_CXX_LIBRARY = "libc++";
				CLANG_ENABLE_MODULES = YES;
				CLANG_ENABLE_OBJC_ARC = YES;
				CLANG_ENABLE_OBJC_WEAK = YES;
				CLANG_WARN_BLOCK_CAPTURE_AUTORELEASING = YES;
				CLANG_WARN_BOOL_CONVERSION = YES;
				CLANG_WARN_COMMA = YES;
				CLANG_WARN_CONSTANT_CONVERSION = YES;
				CLANG_WARN_DEPRECATED_OBJC_IMPLEMENTATIONS = YES;
				CLANG_WARN_DIRECT_OBJC_ISA_USAGE = YES_ERROR;
				CLANG_WARN_DOCUMENTATION_COMMENTS = YES;
				CLANG_WARN_EMPTY_BODY = YES;
				CLANG_WARN_ENUM_CONVERSION = YES;
				CLANG_WARN_INFINITE_RECURSION = YES;
				CLANG_WARN_INT_CONVERSION = YES;
				CLANG_WARN_NON_LITERAL_NULL_CONVERSION = YES;
				CLANG_WARN_OBJC_IMPLICIT_RETAIN_SELF = YES;
				CLANG_WARN_OBJC_LITERAL_CONVERSION = YES;
				CLANG_WARN_OBJC_ROOT_CLASS = YES_ERROR;
				CLANG_WARN_QUOTED_INCLUDE_IN_FRAMEWORK_HEADER = YES;
				CLANG_WARN_RANGE_LOOP_ANALYSIS = YES;
				CLANG_WARN_STRICT_PROTOTYPES = YES;
				CLANG_WARN_SUSPICIOUS_MOVE = YES;
				CLANG_WARN_UNGUARDED_AVAILABILITY = YES_AGGRESSIVE;
				CLANG_WARN_UNREACHABLE_CODE = YES;
				CLANG_WARN__DUPLICATE_METHOD_MATCH = YES;
				COPY_PHASE_STRIP = NO;
				DEBUG_INFORMATION_FORMAT = dwarf;
				ENABLE_STRICT_OBJC_MSGSEND = YES;
				ENABLE_TESTABILITY = YES;
				GCC_C_LANGUAGE_STANDARD = gnu11;
				GCC_DYNAMIC_NO_PIC = NO;
				GCC_NO_COMMON_BLOCKS = YES;
				GCC_OPTIMIZATION_LEVEL = 0;
				GCC_PREPROCESSOR_DEFINITIONS = (
					"DEBUG=1",
					"$(inherited)",
				);
				GCC_WARN_64_TO_32_BIT_CONVERSION = YES;
				GCC_WARN_ABOUT_RETURN_TYPE = YES_ERROR;
				GCC_WARN_UNDECLARED_SELECTOR = YES;
				GCC_WARN_UNINITIALIZED_AUTOS = YES_AGGRESSIVE;
				GCC_WARN_UNUSED_FUNCTION = YES;
				GCC_WARN_UNUSED_VARIABLE = YES;
				IPHONEOS_DEPLOYMENT_TARGET = 14.0;
				MTL_ENABLE_DEBUG_INFO = INCLUDE_SOURCE;
				MTL_FAST_MATH = YES;
				ONLY_ACTIVE_ARCH = YES;
				SDKROOT = iphoneos;
				SWIFT_ACTIVE_COMPILATION_CONDITIONS = DEBUG;
				SWIFT_OPTIMIZATION_LEVEL = "-Onone";
			};
			name = Debug;
		};
		B95E7C872660E5D900DBD261 /* Release */ = {
			isa = XCBuildConfiguration;
			buildSettings = {
				ALWAYS_SEARCH_USER_PATHS = NO;
				CLANG_ANALYZER_NONNULL = YES;
				CLANG_ANALYZER_NUMBER_OBJECT_CONVERSION = YES_AGGRESSIVE;
				CLANG_CXX_LANGUAGE_STANDARD = "gnu++14";
				CLANG_CXX_LIBRARY = "libc++";
				CLANG_ENABLE_MODULES = YES;
				CLANG_ENABLE_OBJC_ARC = YES;
				CLANG_ENABLE_OBJC_WEAK = YES;
				CLANG_WARN_BLOCK_CAPTURE_AUTORELEASING = YES;
				CLANG_WARN_BOOL_CONVERSION = YES;
				CLANG_WARN_COMMA = YES;
				CLANG_WARN_CONSTANT_CONVERSION = YES;
				CLANG_WARN_DEPRECATED_OBJC_IMPLEMENTATIONS = YES;
				CLANG_WARN_DIRECT_OBJC_ISA_USAGE = YES_ERROR;
				CLANG_WARN_DOCUMENTATION_COMMENTS = YES;
				CLANG_WARN_EMPTY_BODY = YES;
				CLANG_WARN_ENUM_CONVERSION = YES;
				CLANG_WARN_INFINITE_RECURSION = YES;
				CLANG_WARN_INT_CONVERSION = YES;
				CLANG_WARN_NON_LITERAL_NULL_CONVERSION = YES;
				CLANG_WARN_OBJC_IMPLICIT_RETAIN_SELF = YES;
				CLANG_WARN_OBJC_LITERAL_CONVERSION = YES;
				CLANG_WARN_OBJC_ROOT_CLASS = YES_ERROR;
				CLANG_WARN_QUOTED_INCLUDE_IN_FRAMEWORK_HEADER = YES;
				CLANG_WARN_RANGE_LOOP_ANALYSIS = YES;
				CLANG_WARN_STRICT_PROTOTYPES = YES;
				CLANG_WARN_SUSPICIOUS_MOVE = YES;
				CLANG_WARN_UNGUARDED_AVAILABILITY = YES_AGGRESSIVE;
				CLANG_WARN_UNREACHABLE_CODE = YES;
				CLANG_WARN__DUPLICATE_METHOD_MATCH = YES;
				COPY_PHASE_STRIP = NO;
				DEBUG_INFORMATION_FORMAT = "dwarf-with-dsym";
				ENABLE_NS_ASSERTIONS = NO;
				ENABLE_STRICT_OBJC_MSGSEND = YES;
				GCC_C_LANGUAGE_STANDARD = gnu11;
				GCC_NO_COMMON_BLOCKS = YES;
				GCC_WARN_64_TO_32_BIT_CONVERSION = YES;
				GCC_WARN_ABOUT_RETURN_TYPE = YES_ERROR;
				GCC_WARN_UNDECLARED_SELECTOR = YES;
				GCC_WARN_UNINITIALIZED_AUTOS = YES_AGGRESSIVE;
				GCC_WARN_UNUSED_FUNCTION = YES;
				GCC_WARN_UNUSED_VARIABLE = YES;
				IPHONEOS_DEPLOYMENT_TARGET = 14.0;
				MTL_ENABLE_DEBUG_INFO = NO;
				MTL_FAST_MATH = YES;
				SDKROOT = iphoneos;
				SWIFT_COMPILATION_MODE = wholemodule;
				SWIFT_OPTIMIZATION_LEVEL = "-O";
				VALIDATE_PRODUCT = YES;
			};
			name = Release;
		};
		B95E7C892660E5D900DBD261 /* Debug */ = {
			isa = XCBuildConfiguration;
			buildSettings = {
				ASSETCATALOG_COMPILER_APPICON_NAME = AppIcon;
				ASSETCATALOG_COMPILER_GLOBAL_ACCENT_COLOR_NAME = AccentColor;
				CODE_SIGN_STYLE = Automatic;
				DEVELOPMENT_TEAM = CS4VP352BW;
				INFOPLIST_FILE = TheMapleTimes/Info.plist;
				LD_RUNPATH_SEARCH_PATHS = (
					"$(inherited)",
					"@executable_path/Frameworks",
				);
				PRODUCT_BUNDLE_IDENTIFIER = com.devleo.TheMapleTimes;
				PRODUCT_NAME = "$(TARGET_NAME)";
				SWIFT_VERSION = 5.0;
				TARGETED_DEVICE_FAMILY = "1,2";
			};
			name = Debug;
		};
		B95E7C8A2660E5D900DBD261 /* Release */ = {
			isa = XCBuildConfiguration;
			buildSettings = {
				ASSETCATALOG_COMPILER_APPICON_NAME = AppIcon;
				ASSETCATALOG_COMPILER_GLOBAL_ACCENT_COLOR_NAME = AccentColor;
				CODE_SIGN_STYLE = Automatic;
				DEVELOPMENT_TEAM = CS4VP352BW;
				INFOPLIST_FILE = TheMapleTimes/Info.plist;
				LD_RUNPATH_SEARCH_PATHS = (
					"$(inherited)",
					"@executable_path/Frameworks",
				);
				PRODUCT_BUNDLE_IDENTIFIER = com.devleo.TheMapleTimes;
				PRODUCT_NAME = "$(TARGET_NAME)";
				SWIFT_VERSION = 5.0;
				TARGETED_DEVICE_FAMILY = "1,2";
			};
			name = Release;
		};
		B95E7C8C2660E5D900DBD261 /* Debug */ = {
			isa = XCBuildConfiguration;
			buildSettings = {
				ALWAYS_EMBED_SWIFT_STANDARD_LIBRARIES = YES;
				BUNDLE_LOADER = "$(TEST_HOST)";
				CODE_SIGN_STYLE = Automatic;
				DEVELOPMENT_TEAM = CS4VP352BW;
				INFOPLIST_FILE = TheMapleTimesTests/Info.plist;
				IPHONEOS_DEPLOYMENT_TARGET = 14.0;
				LD_RUNPATH_SEARCH_PATHS = (
					"$(inherited)",
					"@executable_path/Frameworks",
					"@loader_path/Frameworks",
				);
				PRODUCT_BUNDLE_IDENTIFIER = com.devleo.TheMapleTimesTests;
				PRODUCT_NAME = "$(TARGET_NAME)";
				SWIFT_VERSION = 5.0;
				TARGETED_DEVICE_FAMILY = "1,2";
				TEST_HOST = "$(BUILT_PRODUCTS_DIR)/TheMapleTimes.app/TheMapleTimes";
			};
			name = Debug;
		};
		B95E7C8D2660E5D900DBD261 /* Release */ = {
			isa = XCBuildConfiguration;
			buildSettings = {
				ALWAYS_EMBED_SWIFT_STANDARD_LIBRARIES = YES;
				BUNDLE_LOADER = "$(TEST_HOST)";
				CODE_SIGN_STYLE = Automatic;
				DEVELOPMENT_TEAM = CS4VP352BW;
				INFOPLIST_FILE = TheMapleTimesTests/Info.plist;
				IPHONEOS_DEPLOYMENT_TARGET = 14.0;
				LD_RUNPATH_SEARCH_PATHS = (
					"$(inherited)",
					"@executable_path/Frameworks",
					"@loader_path/Frameworks",
				);
				PRODUCT_BUNDLE_IDENTIFIER = com.devleo.TheMapleTimesTests;
				PRODUCT_NAME = "$(TARGET_NAME)";
				SWIFT_VERSION = 5.0;
				TARGETED_DEVICE_FAMILY = "1,2";
				TEST_HOST = "$(BUILT_PRODUCTS_DIR)/TheMapleTimes.app/TheMapleTimes";
			};
			name = Release;
		};
		B95E7C8F2660E5D900DBD261 /* Debug */ = {
			isa = XCBuildConfiguration;
			buildSettings = {
				ALWAYS_EMBED_SWIFT_STANDARD_LIBRARIES = YES;
				CODE_SIGN_STYLE = Automatic;
				DEVELOPMENT_TEAM = CS4VP352BW;
				INFOPLIST_FILE = TheMapleTimesUITests/Info.plist;
				LD_RUNPATH_SEARCH_PATHS = (
					"$(inherited)",
					"@executable_path/Frameworks",
					"@loader_path/Frameworks",
				);
				PRODUCT_BUNDLE_IDENTIFIER = com.devleo.TheMapleTimesUITests;
				PRODUCT_NAME = "$(TARGET_NAME)";
				SWIFT_VERSION = 5.0;
				TARGETED_DEVICE_FAMILY = "1,2";
				TEST_TARGET_NAME = TheMapleTimes;
			};
			name = Debug;
		};
		B95E7C902660E5D900DBD261 /* Release */ = {
			isa = XCBuildConfiguration;
			buildSettings = {
				ALWAYS_EMBED_SWIFT_STANDARD_LIBRARIES = YES;
				CODE_SIGN_STYLE = Automatic;
				DEVELOPMENT_TEAM = CS4VP352BW;
				INFOPLIST_FILE = TheMapleTimesUITests/Info.plist;
				LD_RUNPATH_SEARCH_PATHS = (
					"$(inherited)",
					"@executable_path/Frameworks",
					"@loader_path/Frameworks",
				);
				PRODUCT_BUNDLE_IDENTIFIER = com.devleo.TheMapleTimesUITests;
				PRODUCT_NAME = "$(TARGET_NAME)";
				SWIFT_VERSION = 5.0;
				TARGETED_DEVICE_FAMILY = "1,2";
				TEST_TARGET_NAME = TheMapleTimes;
			};
			name = Release;
		};
/* End XCBuildConfiguration section */

/* Begin XCConfigurationList section */
		B95E7C562660E5D500DBD261 /* Build configuration list for PBXProject "TheMapleTimes" */ = {
			isa = XCConfigurationList;
			buildConfigurations = (
				B95E7C862660E5D900DBD261 /* Debug */,
				B95E7C872660E5D900DBD261 /* Release */,
			);
			defaultConfigurationIsVisible = 0;
			defaultConfigurationName = Release;
		};
		B95E7C882660E5D900DBD261 /* Build configuration list for PBXNativeTarget "TheMapleTimes" */ = {
			isa = XCConfigurationList;
			buildConfigurations = (
				B95E7C892660E5D900DBD261 /* Debug */,
				B95E7C8A2660E5D900DBD261 /* Release */,
			);
			defaultConfigurationIsVisible = 0;
			defaultConfigurationName = Release;
		};
		B95E7C8B2660E5D900DBD261 /* Build configuration list for PBXNativeTarget "TheMapleTimesTests" */ = {
			isa = XCConfigurationList;
			buildConfigurations = (
				B95E7C8C2660E5D900DBD261 /* Debug */,
				B95E7C8D2660E5D900DBD261 /* Release */,
			);
			defaultConfigurationIsVisible = 0;
			defaultConfigurationName = Release;
		};
		B95E7C8E2660E5D900DBD261 /* Build configuration list for PBXNativeTarget "TheMapleTimesUITests" */ = {
			isa = XCConfigurationList;
			buildConfigurations = (
				B95E7C8F2660E5D900DBD261 /* Debug */,
				B95E7C902660E5D900DBD261 /* Release */,
			);
			defaultConfigurationIsVisible = 0;
			defaultConfigurationName = Release;
		};
/* End XCConfigurationList section */

/* Begin XCVersionGroup section */
		B95E7C672660E5D500DBD261 /* TheMapleTimes.xcdatamodeld */ = {
			isa = XCVersionGroup;
			children = (
				B95E7C682660E5D500DBD261 /* TheMapleTimes.xcdatamodel */,
			);
			currentVersion = B95E7C682660E5D500DBD261 /* TheMapleTimes.xcdatamodel */;
			path = TheMapleTimes.xcdatamodeld;
			sourceTree = "<group>";
			versionGroupType = wrapper.xcdatamodel;
		};
/* End XCVersionGroup section */
	};
	rootObject = B95E7C532660E5D500DBD261 /* Project object */;
}
